# This file is automatically @generated by Cargo.
# It is not intended for manual editing.
version = 3

[[package]]
name = "fyodor"
version = "0.1.0"
dependencies = [
 "integer-encoding",
]

[[package]]
name = "integer-encoding"
version = "3.0.3"
source = "registry+https://github.com/rust-lang/crates.io-index"
checksum = "0e85a1509a128c855368e135cffcde7eac17d8e1083f41e2b98c58bc1a5074be"
